
Microsoft Visual Studio Solution File, Format Version 12.00
# Visual Studio 14
VisualStudioVersion = 14.0.23107.0
MinimumVisualStudioVersion = 10.0.40219.1
Project("{D954291E-2A0B-460D-934E-DC6B0785DB48}") = "MFPNewsReader", "MFPNewsReader\MFPNewsReader.shproj", "{A2BB5A6D-199C-4EF9-877F-4710DF0EE792}"
EndProject
Project("{FAE04EC0-301F-11D3-BF4B-00C04F79EFBC}") = "MFPNewsReader.iOS", "iOS\MFPNewsReader.iOS.csproj", "{6B7AF732-1F64-4D23-BB91-E1619AA0DC45}"
EndProject
Project("{FAE04EC0-301F-11D3-BF4B-00C04F79EFBC}") = "MFPNewsReader.Droid", "Droid\MFPNewsReader.Droid.csproj", "{80BFB46B-20BA-44CB-BD86-C412D14A50EF}"
EndProject
Global
	GlobalSection(SharedMSBuildProjectFiles) = preSolution
		MFPNewsReader\MFPNewsReader.projitems*{6b7af732-1f64-4d23-bb91-e1619aa0dc45}*SharedItemsImports = 4
		MFPNewsReader\MFPNewsReader.projitems*{a2bb5a6d-199c-4ef9-877f-4710df0ee792}*SharedItemsImports = 13
		MFPNewsReader\MFPNewsReader.projitems*{80bfb46b-20ba-44cb-bd86-c412d14a50ef}*SharedItemsImports = 4
	EndGlobalSection
	GlobalSection(SolutionConfigurationPlatforms) = preSolution
		Ad-Hoc|Any CPU = Ad-Hoc|Any CPU
		Ad-Hoc|iPhone = Ad-Hoc|iPhone
		Ad-Hoc|iPhoneSimulator = Ad-Hoc|iPhoneSimulator
		AppStore|Any CPU = AppStore|Any CPU
		AppStore|iPhone = AppStore|iPhone
		AppStore|iPhoneSimulator = AppStore|iPhoneSimulator
		Debug|Any CPU = Debug|Any CPU
		Debug|iPhone = Debug|iPhone
		Debug|iPhoneSimulator = Debug|iPhoneSimulator
		Release|Any CPU = Release|Any CPU
		Release|iPhone = Release|iPhone
		Release|iPhoneSimulator = Release|iPhoneSimulator
	EndGlobalSection
	GlobalSection(ProjectConfigurationPlatforms) = postSolution
		{6B7AF732-1F64-4D23-BB91-E1619AA0DC45}.Ad-Hoc|Any CPU.ActiveCfg = Ad-Hoc|iPhoneSimulator
		{6B7AF732-1F64-4D23-BB91-E1619AA0DC45}.Ad-Hoc|iPhone.ActiveCfg = Ad-Hoc|iPhone
		{6B7AF732-1F64-4D23-BB91-E1619AA0DC45}.Ad-Hoc|iPhone.Build.0 = Ad-Hoc|iPhone
		{6B7AF732-1F64-4D23-BB91-E1619AA0DC45}.Ad-Hoc|iPhoneSimulator.ActiveCfg = Ad-Hoc|iPhoneSimulator
		{6B7AF732-1F64-4D23-BB91-E1619AA0DC45}.Ad-Hoc|iPhoneSimulator.Build.0 = Ad-Hoc|iPhoneSimulator
		{6B7AF732-1F64-4D23-BB91-E1619AA0DC45}.AppStore|Any CPU.ActiveCfg = AppStore|iPhoneSimulator
		{6B7AF732-1F64-4D23-BB91-E1619AA0DC45}.AppStore|iPhone.ActiveCfg = AppStore|iPhone
		{6B7AF732-1F64-4D23-BB91-E1619AA0DC45}.AppStore|iPhone.Build.0 = AppStore|iPhone
		{6B7AF732-1F64-4D23-BB91-E1619AA0DC45}.AppStore|iPhoneSimulator.ActiveCfg = AppStore|iPhoneSimulator
		{6B7AF732-1F64-4D23-BB91-E1619AA0DC45}.AppStore|iPhoneSimulator.Build.0 = AppStore|iPhoneSimulator
		{6B7AF732-1F64-4D23-BB91-E1619AA0DC45}.Debug|Any CPU.ActiveCfg = Debug|iPhoneSimulator
		{6B7AF732-1F64-4D23-BB91-E1619AA0DC45}.Debug|iPhone.ActiveCfg = Debug|iPhone
		{6B7AF732-1F64-4D23-BB91-E1619AA0DC45}.Debug|iPhone.Build.0 = Debug|iPhone
		{6B7AF732-1F64-4D23-BB91-E1619AA0DC45}.Debug|iPhoneSimulator.ActiveCfg = Debug|iPhoneSimulator
		{6B7AF732-1F64-4D23-BB91-E1619AA0DC45}.Debug|iPhoneSimulator.Build.0 = Debug|iPhoneSimulator
		{6B7AF732-1F64-4D23-BB91-E1619AA0DC45}.Release|Any CPU.ActiveCfg = Release|iPhoneSimulator
		{6B7AF732-1F64-4D23-BB91-E1619AA0DC45}.Release|Any CPU.Build.0 = Release|iPhoneSimulator
		{6B7AF732-1F64-4D23-BB91-E1619AA0DC45}.Release|iPhone.ActiveCfg = Release|iPhone
		{6B7AF732-1F64-4D23-BB91-E1619AA0DC45}.Release|iPhone.Build.0 = Release|iPhone
		{6B7AF732-1F64-4D23-BB91-E1619AA0DC45}.Release|iPhoneSimulator.ActiveCfg = Release|iPhoneSimulator
		{6B7AF732-1F64-4D23-BB91-E1619AA0DC45}.Release|iPhoneSimulator.Build.0 = Release|iPhoneSimulator
		{80BFB46B-20BA-44CB-BD86-C412D14A50EF}.Ad-Hoc|Any CPU.ActiveCfg = Debug|Any CPU
		{80BFB46B-20BA-44CB-BD86-C412D14A50EF}.Ad-Hoc|Any CPU.Build.0 = Debug|Any CPU
		{80BFB46B-20BA-44CB-BD86-C412D14A50EF}.Ad-Hoc|Any CPU.Deploy.0 = Debug|Any CPU
		{80BFB46B-20BA-44CB-BD86-C412D14A50EF}.Ad-Hoc|iPhone.ActiveCfg = Release|Any CPU
		{80BFB46B-20BA-44CB-BD86-C412D14A50EF}.Ad-Hoc|iPhone.Build.0 = Release|Any CPU
		{80BFB46B-20BA-44CB-BD86-C412D14A50EF}.Ad-Hoc|iPhoneSimulator.ActiveCfg = Debug|Any CPU
		{80BFB46B-20BA-44CB-BD86-C412D14A50EF}.Ad-Hoc|iPhoneSimulator.Build.0 = Debug|Any CPU
		{80BFB46B-20BA-44CB-BD86-C412D14A50EF}.Ad-Hoc|iPhoneSimulator.Deploy.0 = Debug|Any CPU
		{80BFB46B-20BA-44CB-BD86-C412D14A50EF}.AppStore|Any CPU.ActiveCfg = Debug|Any CPU
		{80BFB46B-20BA-44CB-BD86-C412D14A50EF}.AppStore|Any CPU.Build.0 = Debug|Any CPU
		{80BFB46B-20BA-44CB-BD86-C412D14A50EF}.AppStore|Any CPU.Deploy.0 = Debug|Any CPU
		{80BFB46B-20BA-44CB-BD86-C412D14A50EF}.AppStore|iPhone.ActiveCfg = Release|Any CPU
		{80BFB46B-20BA-44CB-BD86-C412D14A50EF}.AppStore|iPhone.Build.0 = Release|Any CPU
		{80BFB46B-20BA-44CB-BD86-C412D14A50EF}.AppStore|iPhoneSimulator.ActiveCfg = Debug|Any CPU
		{80BFB46B-20BA-44CB-BD86-C412D14A50EF}.AppStore|iPhoneSimulator.Build.0 = Debug|Any CPU
		{80BFB46B-20BA-44CB-BD86-C412D14A50EF}.AppStore|iPhoneSimulator.Deploy.0 = Debug|Any CPU
		{80BFB46B-20BA-44CB-BD86-C412D14A50EF}.Debug|Any CPU.ActiveCfg = Debug|Any CPU
		{80BFB46B-20BA-44CB-BD86-C412D14A50EF}.Debug|Any CPU.Build.0 = Debug|Any CPU
		{80BFB46B-20BA-44CB-BD86-C412D14A50EF}.Debug|Any CPU.Deploy.0 = Debug|Any CPU
		{80BFB46B-20BA-44CB-BD86-C412D14A50EF}.Debug|iPhone.ActiveCfg = Debug|Any CPU
		{80BFB46B-20BA-44CB-BD86-C412D14A50EF}.Debug|iPhone.Build.0 = Debug|Any CPU
		{80BFB46B-20BA-44CB-BD86-C412D14A50EF}.Debug|iPhoneSimulator.ActiveCfg = Debug|Any CPU
		{80BFB46B-20BA-44CB-BD86-C412D14A50EF}.Debug|iPhoneSimulator.Build.0 = Debug|Any CPU
		{80BFB46B-20BA-44CB-BD86-C412D14A50EF}.Release|Any CPU.ActiveCfg = Release|Any CPU
		{80BFB46B-20BA-44CB-BD86-C412D14A50EF}.Release|Any CPU.Build.0 = Release|Any CPU
		{80BFB46B-20BA-44CB-BD86-C412D14A50EF}.Release|iPhone.ActiveCfg = Release|Any CPU
		{80BFB46B-20BA-44CB-BD86-C412D14A50EF}.Release|iPhone.Build.0 = Release|Any CPU
		{80BFB46B-20BA-44CB-BD86-C412D14A50EF}.Release|iPhoneSimulator.ActiveCfg = Release|Any CPU
		{80BFB46B-20BA-44CB-BD86-C412D14A50EF}.Release|iPhoneSimulator.Build.0 = Release|Any CPU
	EndGlobalSection
	GlobalSection(SolutionProperties) = preSolution
		HideSolutionNode = FALSE
	EndGlobalSection
	GlobalSection(MonoDevelopProperties) = preSolution
		Policies = $0
		$0.VersionControlPolicy = $1
		$1.inheritsSet = Mono
	EndGlobalSection
EndGlobal
